
Microsoft Visual Studio Solution File, Format Version 12.00
# Visual Studio 15
VisualStudioVersion = 15.0.27130.2010
MinimumVisualStudioVersion = 10.0.40219.1
Project("{FAE04EC0-301F-11D3-BF4B-00C04F79EFBC}") = "APIDL", "APIDL\APIDL.csproj", "{99D8EA3B-3F04-4FE6-8ED3-17A769C92F62}"
EndProject
Global
	GlobalSection(SolutionConfigurationPlatforms) = preSolution
		Debug|Any CPU = Debug|Any CPU
		Release|Any CPU = Release|Any CPU
	EndGlobalSection
	GlobalSection(ProjectConfigurationPlatforms) = postSolution
		{99D8EA3B-3F04-4FE6-8ED3-17A769C92F62}.Debug|Any CPU.ActiveCfg = Debug|Any CPU
		{99D8EA3B-3F04-4FE6-8ED3-17A769C92F62}.Debug|Any CPU.Build.0 = Debug|Any CPU
		{99D8EA3B-3F04-4FE6-8ED3-17A769C92F62}.Release|Any CPU.ActiveCfg = Release|Any CPU
		{99D8EA3B-3F04-4FE6-8ED3-17A769C92F62}.Release|Any CPU.Build.0 = Release|Any CPU
	EndGlobalSection
	GlobalSection(SolutionProperties) = preSolution
		HideSolutionNode = FALSE
	EndGlobalSection
	GlobalSection(ExtensibilityGlobals) = postSolution
		SolutionGuid = {09D442D9-F1CE-4B7C-B5A9-F131E05842F5}
	EndGlobalSection
EndGlobal
